
Microsoft Visual Studio Solution File, Format Version 12.00
# Visual Studio 15
VisualStudioVersion = 15.0.26730.12
MinimumVisualStudioVersion = 10.0.40219.1
Project("{8BC9CEB8-8B4A-11D0-8D11-00A0C91BC942}") = "personal_service", "personal_service\personal_service.vcxproj", "{81F6E6C4-0E4D-4C6B-961E-0A9DE6D0B0F9}"
EndProject
Project("{2150E333-8FDC-42A3-9474-1A3956D46DE8}") = "Solution Items", "Solution Items", "{41C7F7D4-1A81-4F1B-B773-E2AC03AFBCBF}"
	ProjectSection(SolutionItems) = preProject
		readme.md = readme.md
	EndProjectSection
EndProject
Global
	GlobalSection(SolutionConfigurationPlatforms) = preSolution
		Debug|ARM = Debug|ARM
		Debug|x64 = Debug|x64
		Debug|x86 = Debug|x86
		Release|ARM = Release|ARM
		Release|x64 = Release|x64
		Release|x86 = Release|x86
	EndGlobalSection
	GlobalSection(ProjectConfigurationPlatforms) = postSolution
		{81F6E6C4-0E4D-4C6B-961E-0A9DE6D0B0F9}.Debug|ARM.ActiveCfg = Debug|ARM
		{81F6E6C4-0E4D-4C6B-961E-0A9DE6D0B0F9}.Debug|ARM.Build.0 = Debug|ARM
		{81F6E6C4-0E4D-4C6B-961E-0A9DE6D0B0F9}.Debug|x64.ActiveCfg = Debug|x64
		{81F6E6C4-0E4D-4C6B-961E-0A9DE6D0B0F9}.Debug|x64.Build.0 = Debug|x64
		{81F6E6C4-0E4D-4C6B-961E-0A9DE6D0B0F9}.Debug|x86.ActiveCfg = Debug|x86
		{81F6E6C4-0E4D-4C6B-961E-0A9DE6D0B0F9}.Debug|x86.Build.0 = Debug|x86
		{81F6E6C4-0E4D-4C6B-961E-0A9DE6D0B0F9}.Release|ARM.ActiveCfg = Release|ARM
		{81F6E6C4-0E4D-4C6B-961E-0A9DE6D0B0F9}.Release|ARM.Build.0 = Release|ARM
		{81F6E6C4-0E4D-4C6B-961E-0A9DE6D0B0F9}.Release|x64.ActiveCfg = Release|x64
		{81F6E6C4-0E4D-4C6B-961E-0A9DE6D0B0F9}.Release|x64.Build.0 = Release|x64
		{81F6E6C4-0E4D-4C6B-961E-0A9DE6D0B0F9}.Release|x86.ActiveCfg = Release|x86
		{81F6E6C4-0E4D-4C6B-961E-0A9DE6D0B0F9}.Release|x86.Build.0 = Release|x86
	EndGlobalSection
	GlobalSection(SolutionProperties) = preSolution
		HideSolutionNode = FALSE
	EndGlobalSection
	GlobalSection(ExtensibilityGlobals) = postSolution
		SolutionGuid = {1259EBA4-E2DF-4EFC-ABE6-53FE12F47FEE}
	EndGlobalSection
EndGlobal
